
Microsoft Visual Studio Solution File, Format Version 12.00
# Visual Studio 15
VisualStudioVersion = 15.0.28010.2036
MinimumVisualStudioVersion = 10.0.40219.1
Project("{8BC9CEB8-8B4A-11D0-8D11-00A0C91BC942}") = "mx2Vision", "mx2Vision\mx2Vision.vcxproj", "{34EC0B54-05EB-4E43-B338-602CBE434FCF}"
EndProject
Global
	GlobalSection(SolutionConfigurationPlatforms) = preSolution
		Debug|x64 = Debug|x64
		Debug|x86 = Debug|x86
		Release|x64 = Release|x64
		Release|x86 = Release|x86
	EndGlobalSection
	GlobalSection(ProjectConfigurationPlatforms) = postSolution
		{34EC0B54-05EB-4E43-B338-602CBE434FCF}.Debug|x64.ActiveCfg = Debug|x64
		{34EC0B54-05EB-4E43-B338-602CBE434FCF}.Debug|x64.Build.0 = Debug|x64
		{34EC0B54-05EB-4E43-B338-602CBE434FCF}.Debug|x86.ActiveCfg = Debug|Win32
		{34EC0B54-05EB-4E43-B338-602CBE434FCF}.Debug|x86.Build.0 = Debug|Win32
		{34EC0B54-05EB-4E43-B338-602CBE434FCF}.Release|x64.ActiveCfg = Release|x64
		{34EC0B54-05EB-4E43-B338-602CBE434FCF}.Release|x64.Build.0 = Release|x64
		{34EC0B54-05EB-4E43-B338-602CBE434FCF}.Release|x86.ActiveCfg = Release|Win32
		{34EC0B54-05EB-4E43-B338-602CBE434FCF}.Release|x86.Build.0 = Release|Win32
	EndGlobalSection
	GlobalSection(SolutionProperties) = preSolution
		HideSolutionNode = FALSE
	EndGlobalSection
	GlobalSection(ExtensibilityGlobals) = postSolution
		SolutionGuid = {F9D594F5-9A13-479F-B0B7-34B15F32FFE7}
	EndGlobalSection
EndGlobal
